
Microsoft Visual Studio Solution File, Format Version 12.00
# Visual Studio Version 16
VisualStudioVersion = 16.0.30611.23
MinimumVisualStudioVersion = 10.0.40219.1
Project("{9A19103F-16F7-4668-BE54-9A1E7A4F7556}") = "AddressBookRestSharp", "AddressBookRestSharp\AddressBookRestSharp.csproj", "{83AD4D01-26CE-42DE-9A50-740F020FC67E}"
EndProject
Project("{FAE04EC0-301F-11D3-BF4B-00C04F79EFBC}") = "AddressBookTestt1", "AddressBookTestt1\AddressBookTestt1.csproj", "{CBF523E5-249E-4F14-A25E-5EB1DA73B8C1}"
EndProject
Global
	GlobalSection(SolutionConfigurationPlatforms) = preSolution
		Debug|Any CPU = Debug|Any CPU
		Release|Any CPU = Release|Any CPU
	EndGlobalSection
	GlobalSection(ProjectConfigurationPlatforms) = postSolution
		{83AD4D01-26CE-42DE-9A50-740F020FC67E}.Debug|Any CPU.ActiveCfg = Debug|Any CPU
		{83AD4D01-26CE-42DE-9A50-740F020FC67E}.Debug|Any CPU.Build.0 = Debug|Any CPU
		{83AD4D01-26CE-42DE-9A50-740F020FC67E}.Release|Any CPU.ActiveCfg = Release|Any CPU
		{83AD4D01-26CE-42DE-9A50-740F020FC67E}.Release|Any CPU.Build.0 = Release|Any CPU
		{CBF523E5-249E-4F14-A25E-5EB1DA73B8C1}.Debug|Any CPU.ActiveCfg = Debug|Any CPU
		{CBF523E5-249E-4F14-A25E-5EB1DA73B8C1}.Debug|Any CPU.Build.0 = Debug|Any CPU
		{CBF523E5-249E-4F14-A25E-5EB1DA73B8C1}.Release|Any CPU.ActiveCfg = Release|Any CPU
		{CBF523E5-249E-4F14-A25E-5EB1DA73B8C1}.Release|Any CPU.Build.0 = Release|Any CPU
	EndGlobalSection
	GlobalSection(SolutionProperties) = preSolution
		HideSolutionNode = FALSE
	EndGlobalSection
	GlobalSection(ExtensibilityGlobals) = postSolution
		SolutionGuid = {0474429A-C448-408D-958B-E03C1ED1DA3F}
	EndGlobalSection
EndGlobal
